
Microsoft Visual Studio Solution File, Format Version 12.00
# Visual Studio 15
VisualStudioVersion = 15.0.27130.2036
MinimumVisualStudioVersion = 10.0.40219.1
Project("{FAE04EC0-301F-11D3-BF4B-00C04F79EFBC}") = "grocery-list", "grocery-list\grocery-list.csproj", "{5078871C-92A3-4558-9674-2935A618B8D4}"
EndProject
Global
	GlobalSection(SolutionConfigurationPlatforms) = preSolution
		Debug|Any CPU = Debug|Any CPU
		Release|Any CPU = Release|Any CPU
	EndGlobalSection
	GlobalSection(ProjectConfigurationPlatforms) = postSolution
		{5078871C-92A3-4558-9674-2935A618B8D4}.Debug|Any CPU.ActiveCfg = Debug|Any CPU
		{5078871C-92A3-4558-9674-2935A618B8D4}.Debug|Any CPU.Build.0 = Debug|Any CPU
		{5078871C-92A3-4558-9674-2935A618B8D4}.Release|Any CPU.ActiveCfg = Release|Any CPU
		{5078871C-92A3-4558-9674-2935A618B8D4}.Release|Any CPU.Build.0 = Release|Any CPU
	EndGlobalSection
	GlobalSection(SolutionProperties) = preSolution
		HideSolutionNode = FALSE
	EndGlobalSection
	GlobalSection(ExtensibilityGlobals) = postSolution
		SolutionGuid = {545F1201-AD3A-4D96-A2AD-DE44EBEF79E0}
	EndGlobalSection
EndGlobal
